
Microsoft Visual Studio Solution File, Format Version 12.00
# Visual Studio Version 16
VisualStudioVersion = 16.0.31624.102
MinimumVisualStudioVersion = 10.0.40219.1
Project("{FAE04EC0-301F-11D3-BF4B-00C04F79EFBC}") = "Kabanova_structura_high", "Kabanova_structura_high\Kabanova_structura_high.csproj", "{FDFA4C86-F6A0-4D77-9D78-9E19A9E11FE8}"
EndProject
Global
	GlobalSection(SolutionConfigurationPlatforms) = preSolution
		Debug|Any CPU = Debug|Any CPU
		Release|Any CPU = Release|Any CPU
	EndGlobalSection
	GlobalSection(ProjectConfigurationPlatforms) = postSolution
		{FDFA4C86-F6A0-4D77-9D78-9E19A9E11FE8}.Debug|Any CPU.ActiveCfg = Debug|Any CPU
		{FDFA4C86-F6A0-4D77-9D78-9E19A9E11FE8}.Debug|Any CPU.Build.0 = Debug|Any CPU
		{FDFA4C86-F6A0-4D77-9D78-9E19A9E11FE8}.Release|Any CPU.ActiveCfg = Release|Any CPU
		{FDFA4C86-F6A0-4D77-9D78-9E19A9E11FE8}.Release|Any CPU.Build.0 = Release|Any CPU
	EndGlobalSection
	GlobalSection(SolutionProperties) = preSolution
		HideSolutionNode = FALSE
	EndGlobalSection
	GlobalSection(ExtensibilityGlobals) = postSolution
		SolutionGuid = {02AC7276-1A57-43BD-AB3A-782FB29D1F2C}
	EndGlobalSection
EndGlobal
